// !$*UTF8*$!
{
	archiveVersion = 1;
	classes = {
	};
	objectVersion = 56;
	objects = {

/* Begin PBXBuildFile section */
		10AA8AE62B9052B7003F0740 /* AppDelegate.swift in Sources */ = {isa = PBXBuildFile; fileRef = 10AA8AE52B9052B7003F0740 /* AppDelegate.swift */; };
		10AA8AE82B9052B7003F0740 /* SceneDelegate.swift in Sources */ = {isa = PBXBuildFile; fileRef = 10AA8AE72B9052B7003F0740 /* SceneDelegate.swift */; };
		10AA8AEA2B9052B7003F0740 /* ViewController.swift in Sources */ = {isa = PBXBuildFile; fileRef = 10AA8AE92B9052B7003F0740 /* ViewController.swift */; };
		10AA8AED2B9052B7003F0740 /* Main.storyboard in Resources */ = {isa = PBXBuildFile; fileRef = 10AA8AEB2B9052B7003F0740 /* Main.storyboard */; };
		10AA8AEF2B9052B9003F0740 /* Assets.xcassets in Resources */ = {isa = PBXBuildFile; fileRef = 10AA8AEE2B9052B9003F0740 /* Assets.xcassets */; };
		10AA8AF22B9052B9003F0740 /* LaunchScreen.storyboard in Resources */ = {isa = PBXBuildFile; fileRef = 10AA8AF02B9052B9003F0740 /* LaunchScreen.storyboard */; };
		10AA8AFB2B90535A003F0740 /* SnapKit in Frameworks */ = {isa = PBXBuildFile; productRef = 10AA8AFA2B90535A003F0740 /* SnapKit */; };
		10AA8AFD2B90535A003F0740 /* SnapKit-Dynamic in Frameworks */ = {isa = PBXBuildFile; productRef = 10AA8AFC2B90535A003F0740 /* SnapKit-Dynamic */; };
		10AA8B012B905752003F0740 /* DetaildViewController.swift in Sources */ = {isa = PBXBuildFile; fileRef = 10AA8B002B905752003F0740 /* DetaildViewController.swift */; };
/* End PBXBuildFile section */

/* Begin PBXFileReference section */
		10AA8AE22B9052B7003F0740 /* navigation.app */ = {isa = PBXFileReference; explicitFileType = wrapper.application; includeInIndex = 0; path = navigation.app; sourceTree = BUILT_PRODUCTS_DIR; };
		10AA8AE52B9052B7003F0740 /* AppDelegate.swift */ = {isa = PBXFileReference; lastKnownFileType = sourcecode.swift; path = AppDelegate.swift; sourceTree = "<group>"; };
		10AA8AE72B9052B7003F0740 /* SceneDelegate.swift */ = {isa = PBXFileReference; lastKnownFileType = sourcecode.swift; path = SceneDelegate.swift; sourceTree = "<group>"; };
		10AA8AE92B9052B7003F0740 /* ViewController.swift */ = {isa = PBXFileReference; lastKnownFileType = sourcecode.swift; path = ViewController.swift; sourceTree = "<group>"; };
		10AA8AEC2B9052B7003F0740 /* Base */ = {isa = PBXFileReference; lastKnownFileType = file.storyboard; name = Base; path = Base.lproj/Main.storyboard; sourceTree = "<group>"; };
		10AA8AEE2B9052B9003F0740 /* Assets.xcassets */ = {isa = PBXFileReference; lastKnownFileType = folder.assetcatalog; path = Assets.xcassets; sourceTree = "<group>"; };
		10AA8AF12B9052B9003F0740 /* Base */ = {isa = PBXFileReference; lastKnownFileType = file.storyboard; name = Base; path = Base.lproj/LaunchScreen.storyboard; sourceTree = "<group>"; };
		10AA8AF32B9052B9003F0740 /* Info.plist */ = {isa = PBXFileReference; lastKnownFileType = text.plist.xml; path = Info.plist; sourceTree = "<group>"; };
		10AA8B002B905752003F0740 /* DetaildViewController.swift */ = {isa = PBXFileReference; lastKnownFileType = sourcecode.swift; path = DetaildViewController.swift; sourceTree = "<group>"; };
/* End PBXFileReference section */

/* Begin PBXFrameworksBuildPhase section */
		10AA8ADF2B9052B7003F0740 /* Frameworks */ = {
			isa = PBXFrameworksBuildPhase;
			buildActionMask = 2147483647;
			files = (
				10AA8AFB2B90535A003F0740 /* SnapKit in Frameworks */,
				10AA8AFD2B90535A003F0740 /* SnapKit-Dynamic in Frameworks */,
			);
			runOnlyForDeploymentPostprocessing = 0;
		};
/* End PBXFrameworksBuildPhase section */

/* Begin PBXGroup section */
		10AA8AD92B9052B7003F0740 = {
			isa = PBXGroup;
			children = (
				10AA8AE42B9052B7003F0740 /* navigation */,
				10AA8AE32B9052B7003F0740 /* Products */,
			);
			sourceTree = "<group>";
		};
		10AA8AE32B9052B7003F0740 /* Products */ = {
			isa = PBXGroup;
			children = (
				10AA8AE22B9052B7003F0740 /* navigation.app */,
			);
			name = Products;
			sourceTree = "<group>";
		};
		10AA8AE42B9052B7003F0740 /* navigation */ = {
			isa = PBXGroup;
			children = (
				10AA8AE52B9052B7003F0740 /* AppDelegate.swift */,
				10AA8AE72B9052B7003F0740 /* SceneDelegate.swift */,
				10AA8AE92B9052B7003F0740 /* ViewController.swift */,
				10AA8AEB2B9052B7003F0740 /* Main.storyboard */,
				10AA8AEE2B9052B9003F0740 /* Assets.xcassets */,
				10AA8AF02B9052B9003F0740 /* LaunchScreen.storyboard */,
				10AA8AF32B9052B9003F0740 /* Info.plist */,
				10AA8B002B905752003F0740 /* DetaildViewController.swift */,
			);
			path = navigation;
			sourceTree = "<group>";
		};
/* End PBXGroup section */

/* Begin PBXNativeTarget section */
		10AA8AE12B9052B7003F0740 /* navigation */ = {
			isa = PBXNativeTarget;
			buildConfigurationList = 10AA8AF62B9052B9003F0740 /* Build configuration list for PBXNativeTarget "navigation" */;
			buildPhases = (
				10AA8ADE2B9052B7003F0740 /* Sources */,
				10AA8ADF2B9052B7003F0740 /* Frameworks */,
				10AA8AE02B9052B7003F0740 /* Resources */,
			);
			buildRules = (
			);
			dependencies = (
			);
			name = navigation;
			packageProductDependencies = (
				10AA8AFA2B90535A003F0740 /* SnapKit */,
				10AA8AFC2B90535A003F0740 /* SnapKit-Dynamic */,
			);
			productName = navigation;
			productReference = 10AA8AE22B9052B7003F0740 /* navigation.app */;
			productType = "com.apple.product-type.application";
		};
/* End PBXNativeTarget section */

/* Begin PBXProject section */
		10AA8ADA2B9052B7003F0740 /* Project object */ = {
			isa = PBXProject;
			attributes = {
				BuildIndependentTargetsInParallel = 1;
				LastSwiftUpdateCheck = 1520;
				LastUpgradeCheck = 1520;
				TargetAttributes = {
					10AA8AE12B9052B7003F0740 = {
						CreatedOnToolsVersion = 15.2;
					};
				};
			};
			buildConfigurationList = 10AA8ADD2B9052B7003F0740 /* Build configuration list for PBXProject "navigation" */;
			compatibilityVersion = "Xcode 14.0";
			developmentRegion = en;
			hasScannedForEncodings = 0;
			knownRegions = (
				en,
				Base,
			);
			mainGroup = 10AA8AD92B9052B7003F0740;
			packageReferences = (
				10AA8AF92B90535A003F0740 /* XCRemoteSwiftPackageReference "SnapKit" */,
			);
			productRefGroup = 10AA8AE32B9052B7003F0740 /* Products */;
			projectDirPath = "";
			projectRoot = "";
			targets = (
				10AA8AE12B9052B7003F0740 /* navigation */,
			);
		};
/* End PBXProject section */

/* Begin PBXResourcesBuildPhase section */
		10AA8AE02B9052B7003F0740 /* Resources */ = {
			isa = PBXResourcesBuildPhase;
			buildActionMask = 2147483647;
			files = (
				10AA8AF22B9052B9003F0740 /* LaunchScreen.storyboard in Resources */,
				10AA8AEF2B9052B9003F0740 /* Assets.xcassets in Resources */,
				10AA8AED2B9052B7003F0740 /* Main.storyboard in Resources */,
			);
			runOnlyForDeploymentPostprocessing = 0;
		};
/* End PBXResourcesBuildPhase section */

/* Begin PBXSourcesBuildPhase section */
		10AA8ADE2B9052B7003F0740 /* Sources */ = {
			isa = PBXSourcesBuildPhase;
			buildActionMask = 2147483647;
			files = (
				10AA8B012B905752003F0740 /* DetaildViewController.swift in Sources */,
				10AA8AEA2B9052B7003F0740 /* ViewController.swift in Sources */,
				10AA8AE62B9052B7003F0740 /* AppDelegate.swift in Sources */,
				10AA8AE82B9052B7003F0740 /* SceneDelegate.swift in Sources */,
			);
			runOnlyForDeploymentPostprocessing = 0;
		};
/* End PBXSourcesBuildPhase section */

/* Begin PBXVariantGroup section */
		10AA8AEB2B9052B7003F0740 /* Main.storyboard */ = {
			isa = PBXVariantGroup;
			children = (
				10AA8AEC2B9052B7003F0740 /* Base */,
			);
			name = Main.storyboard;
			sourceTree = "<group>";
		};
		10AA8AF02B9052B9003F0740 /* LaunchScreen.storyboard */ = {
			isa = PBXVariantGroup;
			children = (
				10AA8AF12B9052B9003F0740 /* Base */,
			);
			name = LaunchScreen.storyboard;
			sourceTree = "<group>";
		};
/* End PBXVariantGroup section */

/* Begin XCBuildConfiguration section */
		10AA8AF42B9052B9003F0740 /* Debug */ = {
			isa = XCBuildConfiguration;
			buildSettings = {
				ALWAYS_SEARCH_USER_PATHS = NO;
				ASSETCATALOG_COMPILER_GENERATE_SWIFT_ASSET_SYMBOL_EXTENSIONS = YES;
				CLANG_ANALYZER_NONNULL = YES;
				CLANG_ANALYZER_NUMBER_OBJECT_CONVERSION = YES_AGGRESSIVE;
				CLANG_CXX_LANGUAGE_STANDARD = "gnu++20";
				CLANG_ENABLE_MODULES = YES;
				CLANG_ENABLE_OBJC_ARC = YES;
				CLANG_ENABLE_OBJC_WEAK = YES;
				CLANG_WARN_BLOCK_CAPTURE_AUTORELEASING = YES;
				CLANG_WARN_BOOL_CONVERSION = YES;
				CLANG_WARN_COMMA = YES;
				CLANG_WARN_CONSTANT_CONVERSION = YES;
				CLANG_WARN_DEPRECATED_OBJC_IMPLEMENTATIONS = YES;
				CLANG_WARN_DIRECT_OBJC_ISA_USAGE = YES_ERROR;
				CLANG_WARN_DOCUMENTATION_COMMENTS = YES;
				CLANG_WARN_EMPTY_BODY = YES;
				CLANG_WARN_ENUM_CONVERSION = YES;
				CLANG_WARN_INFINITE_RECURSION = YES;
				CLANG_WARN_INT_CONVERSION = YES;
				CLANG_WARN_NON_LITERAL_NULL_CONVERSION = YES;
				CLANG_WARN_OBJC_IMPLICIT_RETAIN_SELF = YES;
				CLANG_WARN_OBJC_LITERAL_CONVERSION = YES;
				CLANG_WARN_OBJC_ROOT_CLASS = YES_ERROR;
				CLANG_WARN_QUOTED_INCLUDE_IN_FRAMEWORK_HEADER = YES;
				CLANG_WARN_RANGE_LOOP_ANALYSIS = YES;
				CLANG_WARN_STRICT_PROTOTYPES = YES;
				CLANG_WARN_SUSPICIOUS_MOVE = YES;
				CLANG_WARN_UNGUARDED_AVAILABILITY = YES_AGGRESSIVE;
				CLANG_WARN_UNREACHABLE_CODE = YES;
				CLANG_WARN__DUPLICATE_METHOD_MATCH = YES;
				COPY_PHASE_STRIP = NO;
				DEBUG_INFORMATION_FORMAT = dwarf;
				ENABLE_STRICT_OBJC_MSGSEND = YES;
				ENABLE_TESTABILITY = YES;
				ENABLE_USER_SCRIPT_SANDBOXING = YES;
				GCC_C_LANGUAGE_STANDARD = gnu17;
				GCC_DYNAMIC_NO_PIC = NO;
				GCC_NO_COMMON_BLOCKS = YES;
				GCC_OPTIMIZATION_LEVEL = 0;
				GCC_PREPROCESSOR_DEFINITIONS = (
					"DEBUG=1",
					"$(inherited)",
				);
				GCC_WARN_64_TO_32_BIT_CONVERSION = YES;
				GCC_WARN_ABOUT_RETURN_TYPE = YES_ERROR;
				GCC_WARN_UNDECLARED_SELECTOR = YES;
				GCC_WARN_UNINITIALIZED_AUTOS = YES_AGGRESSIVE;
				GCC_WARN_UNUSED_FUNCTION = YES;
				GCC_WARN_UNUSED_VARIABLE = YES;
				IPHONEOS_DEPLOYMENT_TARGET = 17.2;
				LOCALIZATION_PREFERS_STRING_CATALOGS = YES;
				MTL_ENABLE_DEBUG_INFO = INCLUDE_SOURCE;
				MTL_FAST_MATH = YES;
				ONLY_ACTIVE_ARCH = YES;
				SDKROOT = iphoneos;
				SWIFT_ACTIVE_COMPILATION_CONDITIONS = "DEBUG $(inherited)";
				SWIFT_OPTIMIZATION_LEVEL = "-Onone";
			};
			name = Debug;
		};
		10AA8AF52B9052B9003F0740 /* Release */ = {
			isa = XCBuildConfiguration;
			buildSettings = {
				ALWAYS_SEARCH_USER_PATHS = NO;
				ASSETCATALOG_COMPILER_GENERATE_SWIFT_ASSET_SYMBOL_EXTENSIONS = YES;
				CLANG_ANALYZER_NONNULL = YES;
				CLANG_ANALYZER_NUMBER_OBJECT_CONVERSION = YES_AGGRESSIVE;
				CLANG_CXX_LANGUAGE_STANDARD = "gnu++20";
				CLANG_ENABLE_MODULES = YES;
				CLANG_ENABLE_OBJC_ARC = YES;
				CLANG_ENABLE_OBJC_WEAK = YES;
				CLANG_WARN_BLOCK_CAPTURE_AUTORELEASING = YES;
				CLANG_WARN_BOOL_CONVERSION = YES;
				CLANG_WARN_COMMA = YES;
				CLANG_WARN_CONSTANT_CONVERSION = YES;
				CLANG_WARN_DEPRECATED_OBJC_IMPLEMENTATIONS = YES;
				CLANG_WARN_DIRECT_OBJC_ISA_USAGE = YES_ERROR;
				CLANG_WARN_DOCUMENTATION_COMMENTS = YES;
				CLANG_WARN_EMPTY_BODY = YES;
				CLANG_WARN_ENUM_CONVERSION = YES;
				CLANG_WARN_INFINITE_RECURSION = YES;
				CLANG_WARN_INT_CONVERSION = YES;
				CLANG_WARN_NON_LITERAL_NULL_CONVERSION = YES;
				CLANG_WARN_OBJC_IMPLICIT_RETAIN_SELF = YES;
				CLANG_WARN_OBJC_LITERAL_CONVERSION = YES;
				CLANG_WARN_OBJC_ROOT_CLASS = YES_ERROR;
				CLANG_WARN_QUOTED_INCLUDE_IN_FRAMEWORK_HEADER = YES;
				CLANG_WARN_RANGE_LOOP_ANALYSIS = YES;
				CLANG_WARN_STRICT_PROTOTYPES = YES;
				CLANG_WARN_SUSPICIOUS_MOVE = YES;
				CLANG_WARN_UNGUARDED_AVAILABILITY = YES_AGGRESSIVE;
				CLANG_WARN_UNREACHABLE_CODE = YES;
				CLANG_WARN__DUPLICATE_METHOD_MATCH = YES;
				COPY_PHASE_STRIP = NO;
				DEBUG_INFORMATION_FORMAT = "dwarf-with-dsym";
				ENABLE_NS_ASSERTIONS = NO;
				ENABLE_STRICT_OBJC_MSGSEND = YES;
				ENABLE_USER_SCRIPT_SANDBOXING = YES;
				GCC_C_LANGUAGE_STANDARD = gnu17;
				GCC_NO_COMMON_BLOCKS = YES;
				GCC_WARN_64_TO_32_BIT_CONVERSION = YES;
				GCC_WARN_ABOUT_RETURN_TYPE = YES_ERROR;
				GCC_WARN_UNDECLARED_SELECTOR = YES;
				GCC_WARN_UNINITIALIZED_AUTOS = YES_AGGRESSIVE;
				GCC_WARN_UNUSED_FUNCTION = YES;
				GCC_WARN_UNUSED_VARIABLE = YES;
				IPHONEOS_DEPLOYMENT_TARGET = 17.2;
				LOCALIZATION_PREFERS_STRING_CATALOGS = YES;
				MTL_ENABLE_DEBUG_INFO = NO;
				MTL_FAST_MATH = YES;
				SDKROOT = iphoneos;
				SWIFT_COMPILATION_MODE = wholemodule;
				VALIDATE_PRODUCT = YES;
			};
			name = Release;
		};
		10AA8AF72B9052B9003F0740 /* Debug */ = {
			isa = XCBuildConfiguration;
			buildSettings = {
				ASSETCATALOG_COMPILER_APPICON_NAME = AppIcon;
				ASSETCATALOG_COMPILER_GLOBAL_ACCENT_COLOR_NAME = AccentColor;
				CODE_SIGN_STYLE = Automatic;
				CURRENT_PROJECT_VERSION = 1;
				GENERATE_INFOPLIST_FILE = YES;
				INFOPLIST_FILE = navigation/Info.plist;
				INFOPLIST_KEY_UIApplicationSupportsIndirectInputEvents = YES;
				INFOPLIST_KEY_UILaunchStoryboardName = LaunchScreen;
				INFOPLIST_KEY_UISupportedInterfaceOrientations_iPad = "UIInterfaceOrientationPortrait UIInterfaceOrientationPortraitUpsideDown UIInterfaceOrientationLandscapeLeft UIInterfaceOrientationLandscapeRight";
				INFOPLIST_KEY_UISupportedInterfaceOrientations_iPhone = "UIInterfaceOrientationPortrait UIInterfaceOrientationLandscapeLeft UIInterfaceOrientationLandscapeRight";
				LD_RUNPATH_SEARCH_PATHS = (
					"$(inherited)",
					"@executable_path/Frameworks",
				);
				MARKETING_VERSION = 1.0;
				PRODUCT_BUNDLE_IDENTIFIER = maha.navigation;
				PRODUCT_NAME = "$(TARGET_NAME)";
				SWIFT_EMIT_LOC_STRINGS = YES;
				SWIFT_VERSION = 5.0;
				TARGETED_DEVICE_FAMILY = "1,2";
			};
			name = Debug;
		};
		10AA8AF82B9052B9003F0740 /* Release */ = {
			isa = XCBuildConfiguration;
			buildSettings = {
				ASSETCATALOG_COMPILER_APPICON_NAME = AppIcon;
				ASSETCATALOG_COMPILER_GLOBAL_ACCENT_COLOR_NAME = AccentColor;
				CODE_SIGN_STYLE = Automatic;
				CURRENT_PROJECT_VERSION = 1;
				GENERATE_INFOPLIST_FILE = YES;
				INFOPLIST_FILE = navigation/Info.plist;
				INFOPLIST_KEY_UIApplicationSupportsIndirectInputEvents = YES;
				INFOPLIST_KEY_UILaunchStoryboardName = LaunchScreen;
				INFOPLIST_KEY_UISupportedInterfaceOrientations_iPad = "UIInterfaceOrientationPortrait UIInterfaceOrientationPortraitUpsideDown UIInterfaceOrientationLandscapeLeft UIInterfaceOrientationLandscapeRight";
				INFOPLIST_KEY_UISupportedInterfaceOrientations_iPhone = "UIInterfaceOrientationPortrait UIInterfaceOrientationLandscapeLeft UIInterfaceOrientationLandscapeRight";
				LD_RUNPATH_SEARCH_PATHS = (
					"$(inherited)",
					"@executable_path/Frameworks",
				);
				MARKETING_VERSION = 1.0;
				PRODUCT_BUNDLE_IDENTIFIER = maha.navigation;
				PRODUCT_NAME = "$(TARGET_NAME)";
				SWIFT_EMIT_LOC_STRINGS = YES;
				SWIFT_VERSION = 5.0;
				TARGETED_DEVICE_FAMILY = "1,2";
			};
			name = Release;
		};
/* End XCBuildConfiguration section */

/* Begin XCConfigurationList section */
		10AA8ADD2B9052B7003F0740 /* Build configuration list for PBXProject "navigation" */ = {
			isa = XCConfigurationList;
			buildConfigurations = (
				10AA8AF42B9052B9003F0740 /* Debug */,
				10AA8AF52B9052B9003F0740 /* Release */,
			);
			defaultConfigurationIsVisible = 0;
			defaultConfigurationName = Release;
		};
		10AA8AF62B9052B9003F0740 /* Build configuration list for PBXNativeTarget "navigation" */ = {
			isa = XCConfigurationList;
			buildConfigurations = (
				10AA8AF72B9052B9003F0740 /* Debug */,
				10AA8AF82B9052B9003F0740 /* Release */,
			);
			defaultConfigurationIsVisible = 0;
			defaultConfigurationName = Release;
		};
/* End XCConfigurationList section */

/* Begin XCRemoteSwiftPackageReference section */
		10AA8AF92B90535A003F0740 /* XCRemoteSwiftPackageReference "SnapKit" */ = {
			isa = XCRemoteSwiftPackageReference;
			repositoryURL = "https://github.com/SnapKit/SnapKit";
			requirement = {
				kind = upToNextMajorVersion;
				minimumVersion = 5.7.1;
			};
		};
/* End XCRemoteSwiftPackageReference section */

/* Begin XCSwiftPackageProductDependency section */
		10AA8AFA2B90535A003F0740 /* SnapKit */ = {
			isa = XCSwiftPackageProductDependency;
			package = 10AA8AF92B90535A003F0740 /* XCRemoteSwiftPackageReference "SnapKit" */;
			productName = SnapKit;
		};
		10AA8AFC2B90535A003F0740 /* SnapKit-Dynamic */ = {
			isa = XCSwiftPackageProductDependency;
			package = 10AA8AF92B90535A003F0740 /* XCRemoteSwiftPackageReference "SnapKit" */;
			productName = "SnapKit-Dynamic";
		};
/* End XCSwiftPackageProductDependency section */
	};
	rootObject = 10AA8ADA2B9052B7003F0740 /* Project object */;
}
